<?xml version="1.0" encoding="utf-8"?>
<Project ToolsVersion="4.0" xmlns="http://schemas.microsoft.com/developer/msbuild/2003">
  <ItemGroup>
    <ClCompile Include="main.cpp" />
    <ClCompile Include="SnakeGame.cpp" />
    <ClCompile Include="SnakeGameSettings.hpp" />
    <ClCompile Include="Snake.cpp" />
    <ClCompile Include="SnakeMap.cpp" />
    <ClCompile Include="Direction.cpp" />
    <ClCompile Include="ValuesLoader.cpp" />
  </ItemGroup>
  <ItemGroup>
    <ClInclude Include="SnakeGame.h" />
    <ClInclude Include="Snake.h" />
    <ClInclude Include="SnakeMap.h" />
    <ClInclude Include="Direction.h" />
    <ClInclude Include="ValuesLoader.h" />
  </ItemGroup>
  <ItemGroup>
    <None Include="snake.settings" />
  </ItemGroup>
</Project>